// !$*UTF8*$!
{
	archiveVersion = 1;
	classes = {
	};
	objectVersion = 56;
	objects = {

/* Begin PBXBuildFile section */
		0A032A092BA7E9ED0098148B /* OtherToolTests.swift in Sources */ = {isa = PBXBuildFile; fileRef = 0A032A082BA7E9ED0098148B /* OtherToolTests.swift */; };
		0A032A0B2BA7EB340098148B /* DataStructureToolTests.swift in Sources */ = {isa = PBXBuildFile; fileRef = 0A032A0A2BA7EB340098148B /* DataStructureToolTests.swift */; };
		0A032A0D2BA7EB930098148B /* NSObjectTBExtensionTests.swift in Sources */ = {isa = PBXBuildFile; fileRef = 0A032A0C2BA7EB930098148B /* NSObjectTBExtensionTests.swift */; };
		0A032A0F2BA7EE540098148B /* NSTimerTBExtensionTests.swift in Sources */ = {isa = PBXBuildFile; fileRef = 0A032A0E2BA7EE540098148B /* NSTimerTBExtensionTests.swift */; };
		0A032A142BA7F1BE0098148B /* NSMethodSignatureTBExtensionTests.m in Sources */ = {isa = PBXBuildFile; fileRef = 0A032A132BA7F1BE0098148B /* NSMethodSignatureTBExtensionTests.m */; };
		0A2415CD2BABD3C6008F14CB /* TBTimer.h in Headers */ = {isa = PBXBuildFile; fileRef = 0A2415CB2BABD3C6008F14CB /* TBTimer.h */; settings = {ATTRIBUTES = (Public, ); }; };
		0A2415CE2BABD3C6008F14CB /* TBTimer.m in Sources */ = {isa = PBXBuildFile; fileRef = 0A2415CC2BABD3C6008F14CB /* TBTimer.m */; };
		0A2415D02BAC1EFD008F14CB /* TBTimerTests.swift in Sources */ = {isa = PBXBuildFile; fileRef = 0A2415CF2BAC1EFD008F14CB /* TBTimerTests.swift */; };
		0A4B50142BA31E360039D454 /* NSTimer+TBExtension.h in Headers */ = {isa = PBXBuildFile; fileRef = 0A4B50132BA31E360039D454 /* NSTimer+TBExtension.h */; settings = {ATTRIBUTES = (Public, ); }; };
		0A4B50162BA31E430039D454 /* NSTimer+TBExtension.m in Sources */ = {isa = PBXBuildFile; fileRef = 0A4B50152BA31E430039D454 /* NSTimer+TBExtension.m */; };
		0A5099972B8835F0003C774E /* TreasureBox.docc in Sources */ = {isa = PBXBuildFile; fileRef = 0A5099962B8835F0003C774E /* TreasureBox.docc */; };
		0A50999D2B8835F0003C774E /* TreasureBox.framework in Frameworks */ = {isa = PBXBuildFile; fileRef = 0A5099922B8835F0003C774E /* TreasureBox.framework */; };
		0A5099A22B8835F0003C774E /* TreasureBoxTests.swift in Sources */ = {isa = PBXBuildFile; fileRef = 0A5099A12B8835F0003C774E /* TreasureBoxTests.swift */; };
		0A5099A32B8835F0003C774E /* TreasureBox.h in Headers */ = {isa = PBXBuildFile; fileRef = 0A5099952B8835F0003C774E /* TreasureBox.h */; settings = {ATTRIBUTES = (Public, ); }; };
		0A5099EA2B8836DB003C774E /* DataStructureTool.swift in Sources */ = {isa = PBXBuildFile; fileRef = 0A5099E92B8836DB003C774E /* DataStructureTool.swift */; };
		0A5099ED2B8877EB003C774E /* PropertyWrapperTool.swift in Sources */ = {isa = PBXBuildFile; fileRef = 0A5099EC2B8877EB003C774E /* PropertyWrapperTool.swift */; };
		0A51E1102B971CF9006118E4 /* OtherTool.swift in Sources */ = {isa = PBXBuildFile; fileRef = 0A51E10F2B971CF9006118E4 /* OtherTool.swift */; };
		0A749E6D2BA42FD600FD6195 /* NSMethodSignature+TBExtension.m in Sources */ = {isa = PBXBuildFile; fileRef = 0A749E6C2BA42FD600FD6195 /* NSMethodSignature+TBExtension.m */; };
		0A749E6E2BA42FD600FD6195 /* NSMethodSignature+TBExtension.h in Headers */ = {isa = PBXBuildFile; fileRef = 0A749E6B2BA42FD600FD6195 /* NSMethodSignature+TBExtension.h */; settings = {ATTRIBUTES = (Public, ); }; };
		0A8384322B917F3900C2A2D8 /* NSObject+TBExtension.h in Headers */ = {isa = PBXBuildFile; fileRef = 0A8384302B917F3900C2A2D8 /* NSObject+TBExtension.h */; settings = {ATTRIBUTES = (Public, ); }; };
		0A8384332B917F3900C2A2D8 /* NSObject+TBExtension.m in Sources */ = {isa = PBXBuildFile; fileRef = 0A8384312B917F3900C2A2D8 /* NSObject+TBExtension.m */; };
/* End PBXBuildFile section */

/* Begin PBXContainerItemProxy section */
		0A50999E2B8835F0003C774E /* PBXContainerItemProxy */ = {
			isa = PBXContainerItemProxy;
			containerPortal = 0A5099892B8835F0003C774E /* Project object */;
			proxyType = 1;
			remoteGlobalIDString = 0A5099912B8835F0003C774E;
			remoteInfo = TreasureBox;
		};
/* End PBXContainerItemProxy section */

/* Begin PBXFileReference section */
		0A032A082BA7E9ED0098148B /* OtherToolTests.swift */ = {isa = PBXFileReference; lastKnownFileType = sourcecode.swift; path = OtherToolTests.swift; sourceTree = "<group>"; };
		0A032A0A2BA7EB340098148B /* DataStructureToolTests.swift */ = {isa = PBXFileReference; lastKnownFileType = sourcecode.swift; path = DataStructureToolTests.swift; sourceTree = "<group>"; };
		0A032A0C2BA7EB930098148B /* NSObjectTBExtensionTests.swift */ = {isa = PBXFileReference; lastKnownFileType = sourcecode.swift; path = NSObjectTBExtensionTests.swift; sourceTree = "<group>"; };
		0A032A0E2BA7EE540098148B /* NSTimerTBExtensionTests.swift */ = {isa = PBXFileReference; lastKnownFileType = sourcecode.swift; path = NSTimerTBExtensionTests.swift; sourceTree = "<group>"; };
		0A032A122BA7F1BD0098148B /* TreasureBoxTests-Bridging-Header.h */ = {isa = PBXFileReference; lastKnownFileType = sourcecode.c.h; path = "TreasureBoxTests-Bridging-Header.h"; sourceTree = "<group>"; };
		0A032A132BA7F1BE0098148B /* NSMethodSignatureTBExtensionTests.m */ = {isa = PBXFileReference; lastKnownFileType = sourcecode.c.objc; path = NSMethodSignatureTBExtensionTests.m; sourceTree = "<group>"; };
		0A2415CB2BABD3C6008F14CB /* TBTimer.h */ = {isa = PBXFileReference; lastKnownFileType = sourcecode.c.h; path = TBTimer.h; sourceTree = "<group>"; };
		0A2415CC2BABD3C6008F14CB /* TBTimer.m */ = {isa = PBXFileReference; lastKnownFileType = sourcecode.c.objc; path = TBTimer.m; sourceTree = "<group>"; };
		0A2415CF2BAC1EFD008F14CB /* TBTimerTests.swift */ = {isa = PBXFileReference; lastKnownFileType = sourcecode.swift; path = TBTimerTests.swift; sourceTree = "<group>"; };
		0A4B50132BA31E360039D454 /* NSTimer+TBExtension.h */ = {isa = PBXFileReference; lastKnownFileType = sourcecode.c.h; path = "NSTimer+TBExtension.h"; sourceTree = "<group>"; };
		0A4B50152BA31E430039D454 /* NSTimer+TBExtension.m */ = {isa = PBXFileReference; lastKnownFileType = sourcecode.c.objc; path = "NSTimer+TBExtension.m"; sourceTree = "<group>"; };
		0A5099922B8835F0003C774E /* TreasureBox.framework */ = {isa = PBXFileReference; explicitFileType = wrapper.framework; includeInIndex = 0; path = TreasureBox.framework; sourceTree = BUILT_PRODUCTS_DIR; };
		0A5099952B8835F0003C774E /* TreasureBox.h */ = {isa = PBXFileReference; lastKnownFileType = sourcecode.c.h; path = TreasureBox.h; sourceTree = "<group>"; };
		0A5099962B8835F0003C774E /* TreasureBox.docc */ = {isa = PBXFileReference; lastKnownFileType = folder.documentationcatalog; path = TreasureBox.docc; sourceTree = "<group>"; };
		0A50999C2B8835F0003C774E /* TreasureBoxTests.xctest */ = {isa = PBXFileReference; explicitFileType = wrapper.cfbundle; includeInIndex = 0; path = TreasureBoxTests.xctest; sourceTree = BUILT_PRODUCTS_DIR; };
		0A5099A12B8835F0003C774E /* TreasureBoxTests.swift */ = {isa = PBXFileReference; lastKnownFileType = sourcecode.swift; path = TreasureBoxTests.swift; sourceTree = "<group>"; };
		0A5099E92B8836DB003C774E /* DataStructureTool.swift */ = {isa = PBXFileReference; lastKnownFileType = sourcecode.swift; path = DataStructureTool.swift; sourceTree = "<group>"; };
		0A5099EC2B8877EB003C774E /* PropertyWrapperTool.swift */ = {isa = PBXFileReference; lastKnownFileType = sourcecode.swift; path = PropertyWrapperTool.swift; sourceTree = "<group>"; };
		0A51E10F2B971CF9006118E4 /* OtherTool.swift */ = {isa = PBXFileReference; fileEncoding = 4; lastKnownFileType = sourcecode.swift; path = OtherTool.swift; sourceTree = "<group>"; };
		0A749E6B2BA42FD600FD6195 /* NSMethodSignature+TBExtension.h */ = {isa = PBXFileReference; lastKnownFileType = sourcecode.c.h; path = "NSMethodSignature+TBExtension.h"; sourceTree = "<group>"; };
		0A749E6C2BA42FD600FD6195 /* NSMethodSignature+TBExtension.m */ = {isa = PBXFileReference; lastKnownFileType = sourcecode.c.objc; path = "NSMethodSignature+TBExtension.m"; sourceTree = "<group>"; };
		0A8384302B917F3900C2A2D8 /* NSObject+TBExtension.h */ = {isa = PBXFileReference; lastKnownFileType = sourcecode.c.h; path = "NSObject+TBExtension.h"; sourceTree = "<group>"; };
		0A8384312B917F3900C2A2D8 /* NSObject+TBExtension.m */ = {isa = PBXFileReference; lastKnownFileType = sourcecode.c.objc; path = "NSObject+TBExtension.m"; sourceTree = "<group>"; };
/* End PBXFileReference section */

/* Begin PBXFrameworksBuildPhase section */
		0A50998F2B8835F0003C774E /* Frameworks */ = {
			isa = PBXFrameworksBuildPhase;
			buildActionMask = 2147483647;
			files = (
			);
			runOnlyForDeploymentPostprocessing = 0;
		};
		0A5099992B8835F0003C774E /* Frameworks */ = {
			isa = PBXFrameworksBuildPhase;
			buildActionMask = 2147483647;
			files = (
				0A50999D2B8835F0003C774E /* TreasureBox.framework in Frameworks */,
			);
			runOnlyForDeploymentPostprocessing = 0;
		};
/* End PBXFrameworksBuildPhase section */

/* Begin PBXGroup section */
		0A5099882B8835F0003C774E = {
			isa = PBXGroup;
			children = (
				0A5099942B8835F0003C774E /* TreasureBox */,
				0A5099A02B8835F0003C774E /* TreasureBoxTests */,
				0A5099932B8835F0003C774E /* Products */,
			);
			sourceTree = "<group>";
		};
		0A5099932B8835F0003C774E /* Products */ = {
			isa = PBXGroup;
			children = (
				0A5099922B8835F0003C774E /* TreasureBox.framework */,
				0A50999C2B8835F0003C774E /* TreasureBoxTests.xctest */,
			);
			name = Products;
			sourceTree = "<group>";
		};
		0A5099942B8835F0003C774E /* TreasureBox */ = {
			isa = PBXGroup;
			children = (
				0A5099E82B8836AE003C774E /* Swift */,
				0A5099EB2B884287003C774E /* OC */,
				0A5099952B8835F0003C774E /* TreasureBox.h */,
				0A5099962B8835F0003C774E /* TreasureBox.docc */,
			);
			path = TreasureBox;
			sourceTree = "<group>";
		};
		0A5099A02B8835F0003C774E /* TreasureBoxTests */ = {
			isa = PBXGroup;
			children = (
				0A5099A12B8835F0003C774E /* TreasureBoxTests.swift */,
				0A032A082BA7E9ED0098148B /* OtherToolTests.swift */,
				0A032A0A2BA7EB340098148B /* DataStructureToolTests.swift */,
				0A032A0C2BA7EB930098148B /* NSObjectTBExtensionTests.swift */,
				0A032A0E2BA7EE540098148B /* NSTimerTBExtensionTests.swift */,
				0A032A132BA7F1BE0098148B /* NSMethodSignatureTBExtensionTests.m */,
				0A2415CF2BAC1EFD008F14CB /* TBTimerTests.swift */,
				0A032A122BA7F1BD0098148B /* TreasureBoxTests-Bridging-Header.h */,
			);
			path = TreasureBoxTests;
			sourceTree = "<group>";
		};
		0A5099E82B8836AE003C774E /* Swift */ = {
			isa = PBXGroup;
			children = (
				0A51E10F2B971CF9006118E4 /* OtherTool.swift */,
				0A5099E92B8836DB003C774E /* DataStructureTool.swift */,
				0A5099EC2B8877EB003C774E /* PropertyWrapperTool.swift */,
			);
			path = Swift;
			sourceTree = "<group>";
		};
		0A5099EB2B884287003C774E /* OC */ = {
			isa = PBXGroup;
			children = (
				0A8384302B917F3900C2A2D8 /* NSObject+TBExtension.h */,
				0A8384312B917F3900C2A2D8 /* NSObject+TBExtension.m */,
				0A4B50132BA31E360039D454 /* NSTimer+TBExtension.h */,
				0A4B50152BA31E430039D454 /* NSTimer+TBExtension.m */,
				0A749E6B2BA42FD600FD6195 /* NSMethodSignature+TBExtension.h */,
				0A749E6C2BA42FD600FD6195 /* NSMethodSignature+TBExtension.m */,
				0A2415CB2BABD3C6008F14CB /* TBTimer.h */,
				0A2415CC2BABD3C6008F14CB /* TBTimer.m */,
			);
			path = OC;
			sourceTree = "<group>";
		};
/* End PBXGroup section */

/* Begin PBXHeadersBuildPhase section */
		0A50998D2B8835F0003C774E /* Headers */ = {
			isa = PBXHeadersBuildPhase;
			buildActionMask = 2147483647;
			files = (
				0A8384322B917F3900C2A2D8 /* NSObject+TBExtension.h in Headers */,
				0A4B50142BA31E360039D454 /* NSTimer+TBExtension.h in Headers */,
				0A5099A32B8835F0003C774E /* TreasureBox.h in Headers */,
				0A2415CD2BABD3C6008F14CB /* TBTimer.h in Headers */,
				0A749E6E2BA42FD600FD6195 /* NSMethodSignature+TBExtension.h in Headers */,
			);
			runOnlyForDeploymentPostprocessing = 0;
		};
/* End PBXHeadersBuildPhase section */

/* Begin PBXNativeTarget section */
		0A5099912B8835F0003C774E /* TreasureBox */ = {
			isa = PBXNativeTarget;
			buildConfigurationList = 0A5099A62B8835F0003C774E /* Build configuration list for PBXNativeTarget "TreasureBox" */;
			buildPhases = (
				0A50998D2B8835F0003C774E /* Headers */,
				0A50998E2B8835F0003C774E /* Sources */,
				0A50998F2B8835F0003C774E /* Frameworks */,
				0A5099902B8835F0003C774E /* Resources */,
			);
			buildRules = (
			);
			dependencies = (
			);
			name = TreasureBox;
			productName = TreasureBox;
			productReference = 0A5099922B8835F0003C774E /* TreasureBox.framework */;
			productType = "com.apple.product-type.framework";
		};
		0A50999B2B8835F0003C774E /* TreasureBoxTests */ = {
			isa = PBXNativeTarget;
			buildConfigurationList = 0A5099A92B8835F0003C774E /* Build configuration list for PBXNativeTarget "TreasureBoxTests" */;
			buildPhases = (
				0A5099982B8835F0003C774E /* Sources */,
				0A5099992B8835F0003C774E /* Frameworks */,
				0A50999A2B8835F0003C774E /* Resources */,
			);
			buildRules = (
			);
			dependencies = (
				0A50999F2B8835F0003C774E /* PBXTargetDependency */,
			);
			name = TreasureBoxTests;
			productName = TreasureBoxTests;
			productReference = 0A50999C2B8835F0003C774E /* TreasureBoxTests.xctest */;
			productType = "com.apple.product-type.bundle.unit-test";
		};
/* End PBXNativeTarget section */

/* Begin PBXProject section */
		0A5099892B8835F0003C774E /* Project object */ = {
			isa = PBXProject;
			attributes = {
				BuildIndependentTargetsInParallel = 1;
				LastSwiftUpdateCheck = 1510;
				LastUpgradeCheck = 1510;
				TargetAttributes = {
					0A5099912B8835F0003C774E = {
						CreatedOnToolsVersion = 15.1;
						LastSwiftMigration = 1510;
					};
					0A50999B2B8835F0003C774E = {
						CreatedOnToolsVersion = 15.1;
						LastSwiftMigration = 1530;
					};
				};
			};
			buildConfigurationList = 0A50998C2B8835F0003C774E /* Build configuration list for PBXProject "TreasureBox" */;
			compatibilityVersion = "Xcode 14.0";
			developmentRegion = en;
			hasScannedForEncodings = 0;
			knownRegions = (
				en,
				Base,
			);
			mainGroup = 0A5099882B8835F0003C774E;
			productRefGroup = 0A5099932B8835F0003C774E /* Products */;
			projectDirPath = "";
			projectRoot = "";
			targets = (
				0A5099912B8835F0003C774E /* TreasureBox */,
				0A50999B2B8835F0003C774E /* TreasureBoxTests */,
			);
		};
/* End PBXProject section */

/* Begin PBXResourcesBuildPhase section */
		0A5099902B8835F0003C774E /* Resources */ = {
			isa = PBXResourcesBuildPhase;
			buildActionMask = 2147483647;
			files = (
			);
			runOnlyForDeploymentPostprocessing = 0;
		};
		0A50999A2B8835F0003C774E /* Resources */ = {
			isa = PBXResourcesBuildPhase;
			buildActionMask = 2147483647;
			files = (
			);
			runOnlyForDeploymentPostprocessing = 0;
		};
/* End PBXResourcesBuildPhase section */

/* Begin PBXSourcesBuildPhase section */
		0A50998E2B8835F0003C774E /* Sources */ = {
			isa = PBXSourcesBuildPhase;
			buildActionMask = 2147483647;
			files = (
				0A8384332B917F3900C2A2D8 /* NSObject+TBExtension.m in Sources */,
				0A749E6D2BA42FD600FD6195 /* NSMethodSignature+TBExtension.m in Sources */,
				0A5099ED2B8877EB003C774E /* PropertyWrapperTool.swift in Sources */,
				0A2415CE2BABD3C6008F14CB /* TBTimer.m in Sources */,
				0A4B50162BA31E430039D454 /* NSTimer+TBExtension.m in Sources */,
				0A51E1102B971CF9006118E4 /* OtherTool.swift in Sources */,
				0A5099972B8835F0003C774E /* TreasureBox.docc in Sources */,
				0A5099EA2B8836DB003C774E /* DataStructureTool.swift in Sources */,
			);
			runOnlyForDeploymentPostprocessing = 0;
		};
		0A5099982B8835F0003C774E /* Sources */ = {
			isa = PBXSourcesBuildPhase;
			buildActionMask = 2147483647;
			files = (
				0A032A142BA7F1BE0098148B /* NSMethodSignatureTBExtensionTests.m in Sources */,
				0A032A0D2BA7EB930098148B /* NSObjectTBExtensionTests.swift in Sources */,
				0A032A092BA7E9ED0098148B /* OtherToolTests.swift in Sources */,
				0A2415D02BAC1EFD008F14CB /* TBTimerTests.swift in Sources */,
				0A5099A22B8835F0003C774E /* TreasureBoxTests.swift in Sources */,
				0A032A0B2BA7EB340098148B /* DataStructureToolTests.swift in Sources */,
				0A032A0F2BA7EE540098148B /* NSTimerTBExtensionTests.swift in Sources */,
			);
			runOnlyForDeploymentPostprocessing = 0;
		};
/* End PBXSourcesBuildPhase section */

/* Begin PBXTargetDependency section */
		0A50999F2B8835F0003C774E /* PBXTargetDependency */ = {
			isa = PBXTargetDependency;
			target = 0A5099912B8835F0003C774E /* TreasureBox */;
			targetProxy = 0A50999E2B8835F0003C774E /* PBXContainerItemProxy */;
		};
/* End PBXTargetDependency section */

/* Begin XCBuildConfiguration section */
		0A5099A42B8835F0003C774E /* Debug */ = {
			isa = XCBuildConfiguration;
			buildSettings = {
				ALWAYS_SEARCH_USER_PATHS = NO;
				ASSETCATALOG_COMPILER_GENERATE_SWIFT_ASSET_SYMBOL_EXTENSIONS = YES;
				CLANG_ANALYZER_NONNULL = YES;
				CLANG_ANALYZER_NUMBER_OBJECT_CONVERSION = YES_AGGRESSIVE;
				CLANG_CXX_LANGUAGE_STANDARD = "gnu++20";
				CLANG_ENABLE_MODULES = YES;
				CLANG_ENABLE_OBJC_ARC = YES;
				CLANG_ENABLE_OBJC_WEAK = YES;
				CLANG_WARN_BLOCK_CAPTURE_AUTORELEASING = YES;
				CLANG_WARN_BOOL_CONVERSION = YES;
				CLANG_WARN_COMMA = YES;
				CLANG_WARN_CONSTANT_CONVERSION = YES;
				CLANG_WARN_DEPRECATED_OBJC_IMPLEMENTATIONS = YES;
				CLANG_WARN_DIRECT_OBJC_ISA_USAGE = YES_ERROR;
				CLANG_WARN_DOCUMENTATION_COMMENTS = YES;
				CLANG_WARN_EMPTY_BODY = YES;
				CLANG_WARN_ENUM_CONVERSION = YES;
				CLANG_WARN_INFINITE_RECURSION = YES;
				CLANG_WARN_INT_CONVERSION = YES;
				CLANG_WARN_NON_LITERAL_NULL_CONVERSION = YES;
				CLANG_WARN_OBJC_IMPLICIT_RETAIN_SELF = YES;
				CLANG_WARN_OBJC_LITERAL_CONVERSION = YES;
				CLANG_WARN_OBJC_ROOT_CLASS = YES_ERROR;
				CLANG_WARN_QUOTED_INCLUDE_IN_FRAMEWORK_HEADER = YES;
				CLANG_WARN_RANGE_LOOP_ANALYSIS = YES;
				CLANG_WARN_STRICT_PROTOTYPES = YES;
				CLANG_WARN_SUSPICIOUS_MOVE = YES;
				CLANG_WARN_UNGUARDED_AVAILABILITY = YES_AGGRESSIVE;
				CLANG_WARN_UNREACHABLE_CODE = YES;
				CLANG_WARN__DUPLICATE_METHOD_MATCH = YES;
				COPY_PHASE_STRIP = NO;
				CURRENT_PROJECT_VERSION = 1;
				DEBUG_INFORMATION_FORMAT = dwarf;
				ENABLE_STRICT_OBJC_MSGSEND = YES;
				ENABLE_TESTABILITY = YES;
				ENABLE_USER_SCRIPT_SANDBOXING = YES;
				GCC_C_LANGUAGE_STANDARD = gnu17;
				GCC_DYNAMIC_NO_PIC = NO;
				GCC_NO_COMMON_BLOCKS = YES;
				GCC_OPTIMIZATION_LEVEL = 0;
				GCC_PREPROCESSOR_DEFINITIONS = (
					"DEBUG=1",
					"$(inherited)",
				);
				GCC_WARN_64_TO_32_BIT_CONVERSION = YES;
				GCC_WARN_ABOUT_RETURN_TYPE = YES_ERROR;
				GCC_WARN_UNDECLARED_SELECTOR = YES;
				GCC_WARN_UNINITIALIZED_AUTOS = YES_AGGRESSIVE;
				GCC_WARN_UNUSED_FUNCTION = YES;
				GCC_WARN_UNUSED_VARIABLE = YES;
				IPHONEOS_DEPLOYMENT_TARGET = 12.0;
				LOCALIZATION_PREFERS_STRING_CATALOGS = YES;
				MTL_ENABLE_DEBUG_INFO = INCLUDE_SOURCE;
				MTL_FAST_MATH = YES;
				ONLY_ACTIVE_ARCH = YES;
				SDKROOT = iphoneos;
				SWIFT_ACTIVE_COMPILATION_CONDITIONS = "DEBUG $(inherited)";
				SWIFT_OPTIMIZATION_LEVEL = "-Onone";
				VERSIONING_SYSTEM = "apple-generic";
				VERSION_INFO_PREFIX = "";
			};
			name = Debug;
		};
		0A5099A52B8835F0003C774E /* Release */ = {
			isa = XCBuildConfiguration;
			buildSettings = {
				ALWAYS_SEARCH_USER_PATHS = NO;
				ASSETCATALOG_COMPILER_GENERATE_SWIFT_ASSET_SYMBOL_EXTENSIONS = YES;
				CLANG_ANALYZER_NONNULL = YES;
				CLANG_ANALYZER_NUMBER_OBJECT_CONVERSION = YES_AGGRESSIVE;
				CLANG_CXX_LANGUAGE_STANDARD = "gnu++20";
				CLANG_ENABLE_MODULES = YES;
				CLANG_ENABLE_OBJC_ARC = YES;
				CLANG_ENABLE_OBJC_WEAK = YES;
				CLANG_WARN_BLOCK_CAPTURE_AUTORELEASING = YES;
				CLANG_WARN_BOOL_CONVERSION = YES;
				CLANG_WARN_COMMA = YES;
				CLANG_WARN_CONSTANT_CONVERSION = YES;
				CLANG_WARN_DEPRECATED_OBJC_IMPLEMENTATIONS = YES;
				CLANG_WARN_DIRECT_OBJC_ISA_USAGE = YES_ERROR;
				CLANG_WARN_DOCUMENTATION_COMMENTS = YES;
				CLANG_WARN_EMPTY_BODY = YES;
				CLANG_WARN_ENUM_CONVERSION = YES;
				CLANG_WARN_INFINITE_RECURSION = YES;
				CLANG_WARN_INT_CONVERSION = YES;
				CLANG_WARN_NON_LITERAL_NULL_CONVERSION = YES;
				CLANG_WARN_OBJC_IMPLICIT_RETAIN_SELF = YES;
				CLANG_WARN_OBJC_LITERAL_CONVERSION = YES;
				CLANG_WARN_OBJC_ROOT_CLASS = YES_ERROR;
				CLANG_WARN_QUOTED_INCLUDE_IN_FRAMEWORK_HEADER = YES;
				CLANG_WARN_RANGE_LOOP_ANALYSIS = YES;
				CLANG_WARN_STRICT_PROTOTYPES = YES;
				CLANG_WARN_SUSPICIOUS_MOVE = YES;
				CLANG_WARN_UNGUARDED_AVAILABILITY = YES_AGGRESSIVE;
				CLANG_WARN_UNREACHABLE_CODE = YES;
				CLANG_WARN__DUPLICATE_METHOD_MATCH = YES;
				COPY_PHASE_STRIP = NO;
				CURRENT_PROJECT_VERSION = 1;
				DEBUG_INFORMATION_FORMAT = "dwarf-with-dsym";
				ENABLE_NS_ASSERTIONS = NO;
				ENABLE_STRICT_OBJC_MSGSEND = YES;
				ENABLE_USER_SCRIPT_SANDBOXING = YES;
				GCC_C_LANGUAGE_STANDARD = gnu17;
				GCC_NO_COMMON_BLOCKS = YES;
				GCC_WARN_64_TO_32_BIT_CONVERSION = YES;
				GCC_WARN_ABOUT_RETURN_TYPE = YES_ERROR;
				GCC_WARN_UNDECLARED_SELECTOR = YES;
				GCC_WARN_UNINITIALIZED_AUTOS = YES_AGGRESSIVE;
				GCC_WARN_UNUSED_FUNCTION = YES;
				GCC_WARN_UNUSED_VARIABLE = YES;
				IPHONEOS_DEPLOYMENT_TARGET = 12.0;
				LOCALIZATION_PREFERS_STRING_CATALOGS = YES;
				MTL_ENABLE_DEBUG_INFO = NO;
				MTL_FAST_MATH = YES;
				SDKROOT = iphoneos;
				SWIFT_COMPILATION_MODE = wholemodule;
				VALIDATE_PRODUCT = YES;
				VERSIONING_SYSTEM = "apple-generic";
				VERSION_INFO_PREFIX = "";
			};
			name = Release;
		};
		0A5099A72B8835F0003C774E /* Debug */ = {
			isa = XCBuildConfiguration;
			buildSettings = {
				CLANG_ENABLE_MODULES = YES;
				CODE_SIGN_STYLE = Automatic;
				CURRENT_PROJECT_VERSION = 1;
				DEFINES_MODULE = YES;
				DEVELOPMENT_TEAM = DVCY355DY9;
				DYLIB_COMPATIBILITY_VERSION = 1;
				DYLIB_CURRENT_VERSION = 1;
				DYLIB_INSTALL_NAME_BASE = "@rpath";
				ENABLE_MODULE_VERIFIER = YES;
				GENERATE_INFOPLIST_FILE = YES;
				INFOPLIST_KEY_NSHumanReadableCopyright = "";
				INSTALL_PATH = "$(LOCAL_LIBRARY_DIR)/Frameworks";
				IPHONEOS_DEPLOYMENT_TARGET = 12.0;
				LD_RUNPATH_SEARCH_PATHS = (
					"$(inherited)",
					"@executable_path/Frameworks",
					"@loader_path/Frameworks",
				);
				MARKETING_VERSION = 1.0;
				MODULE_VERIFIER_SUPPORTED_LANGUAGES = "objective-c objective-c++";
				MODULE_VERIFIER_SUPPORTED_LANGUAGE_STANDARDS = "gnu17 gnu++20";
				PRODUCT_BUNDLE_IDENTIFIER = com.dancebaby.lanwuzhe.TreasureBox;
				PRODUCT_NAME = "$(TARGET_NAME:c99extidentifier)";
				SKIP_INSTALL = YES;
				SUPPORTED_PLATFORMS = "iphoneos iphonesimulator";
				SUPPORTS_MACCATALYST = NO;
				SUPPORTS_MAC_DESIGNED_FOR_IPHONE_IPAD = NO;
				SWIFT_EMIT_LOC_STRINGS = YES;
				SWIFT_OPTIMIZATION_LEVEL = "-Onone";
				SWIFT_VERSION = 5.0;
				TARGETED_DEVICE_FAMILY = 1;
			};
			name = Debug;
		};
		0A5099A82B8835F0003C774E /* Release */ = {
			isa = XCBuildConfiguration;
			buildSettings = {
				CLANG_ENABLE_MODULES = YES;
				CODE_SIGN_STYLE = Automatic;
				CURRENT_PROJECT_VERSION = 1;
				DEFINES_MODULE = YES;
				DEVELOPMENT_TEAM = DVCY355DY9;
				DYLIB_COMPATIBILITY_VERSION = 1;
				DYLIB_CURRENT_VERSION = 1;
				DYLIB_INSTALL_NAME_BASE = "@rpath";
				ENABLE_MODULE_VERIFIER = YES;
				GENERATE_INFOPLIST_FILE = YES;
				INFOPLIST_KEY_NSHumanReadableCopyright = "";
				INSTALL_PATH = "$(LOCAL_LIBRARY_DIR)/Frameworks";
				IPHONEOS_DEPLOYMENT_TARGET = 12.0;
				LD_RUNPATH_SEARCH_PATHS = (
					"$(inherited)",
					"@executable_path/Frameworks",
					"@loader_path/Frameworks",
				);
				MARKETING_VERSION = 1.0;
				MODULE_VERIFIER_SUPPORTED_LANGUAGES = "objective-c objective-c++";
				MODULE_VERIFIER_SUPPORTED_LANGUAGE_STANDARDS = "gnu17 gnu++20";
				PRODUCT_BUNDLE_IDENTIFIER = com.dancebaby.lanwuzhe.TreasureBox;
				PRODUCT_NAME = "$(TARGET_NAME:c99extidentifier)";
				SKIP_INSTALL = YES;
				SUPPORTED_PLATFORMS = "iphoneos iphonesimulator";
				SUPPORTS_MACCATALYST = NO;
				SUPPORTS_MAC_DESIGNED_FOR_IPHONE_IPAD = NO;
				SWIFT_EMIT_LOC_STRINGS = YES;
				SWIFT_VERSION = 5.0;
				TARGETED_DEVICE_FAMILY = 1;
			};
			name = Release;
		};
		0A5099AA2B8835F0003C774E /* Debug */ = {
			isa = XCBuildConfiguration;
			buildSettings = {
				ALWAYS_EMBED_SWIFT_STANDARD_LIBRARIES = YES;
				CLANG_ENABLE_MODULES = YES;
				CODE_SIGN_STYLE = Automatic;
				CURRENT_PROJECT_VERSION = 1;
				DEVELOPMENT_TEAM = DVCY355DY9;
				GENERATE_INFOPLIST_FILE = YES;
				IPHONEOS_DEPLOYMENT_TARGET = 12.0;
				MARKETING_VERSION = 1.0;
				PRODUCT_BUNDLE_IDENTIFIER = com.dancebaby.lanwuzhe.TreasureBoxTests;
				PRODUCT_NAME = "$(TARGET_NAME)";
				SUPPORTED_PLATFORMS = "iphoneos iphonesimulator";
				SUPPORTS_MACCATALYST = NO;
				SUPPORTS_MAC_DESIGNED_FOR_IPHONE_IPAD = NO;
				SWIFT_EMIT_LOC_STRINGS = NO;
				SWIFT_OBJC_BRIDGING_HEADER = "TreasureBoxTests/TreasureBoxTests-Bridging-Header.h";
				SWIFT_OPTIMIZATION_LEVEL = "-Onone";
				SWIFT_VERSION = 5.0;
				TARGETED_DEVICE_FAMILY = 1;
			};
			name = Debug;
		};
		0A5099AB2B8835F0003C774E /* Release */ = {
			isa = XCBuildConfiguration;
			buildSettings = {
				ALWAYS_EMBED_SWIFT_STANDARD_LIBRARIES = YES;
				CLANG_ENABLE_MODULES = YES;
				CODE_SIGN_STYLE = Automatic;
				CURRENT_PROJECT_VERSION = 1;
				DEVELOPMENT_TEAM = DVCY355DY9;
				GENERATE_INFOPLIST_FILE = YES;
				IPHONEOS_DEPLOYMENT_TARGET = 12.0;
				MARKETING_VERSION = 1.0;
				PRODUCT_BUNDLE_IDENTIFIER = com.dancebaby.lanwuzhe.TreasureBoxTests;
				PRODUCT_NAME = "$(TARGET_NAME)";
				SUPPORTED_PLATFORMS = "iphoneos iphonesimulator";
				SUPPORTS_MACCATALYST = NO;
				SUPPORTS_MAC_DESIGNED_FOR_IPHONE_IPAD = NO;
				SWIFT_EMIT_LOC_STRINGS = NO;
				SWIFT_OBJC_BRIDGING_HEADER = "TreasureBoxTests/TreasureBoxTests-Bridging-Header.h";
				SWIFT_VERSION = 5.0;
				TARGETED_DEVICE_FAMILY = 1;
			};
			name = Release;
		};
/* End XCBuildConfiguration section */

/* Begin XCConfigurationList section */
		0A50998C2B8835F0003C774E /* Build configuration list for PBXProject "TreasureBox" */ = {
			isa = XCConfigurationList;
			buildConfigurations = (
				0A5099A42B8835F0003C774E /* Debug */,
				0A5099A52B8835F0003C774E /* Release */,
			);
			defaultConfigurationIsVisible = 0;
			defaultConfigurationName = Release;
		};
		0A5099A62B8835F0003C774E /* Build configuration list for PBXNativeTarget "TreasureBox" */ = {
			isa = XCConfigurationList;
			buildConfigurations = (
				0A5099A72B8835F0003C774E /* Debug */,
				0A5099A82B8835F0003C774E /* Release */,
			);
			defaultConfigurationIsVisible = 0;
			defaultConfigurationName = Release;
		};
		0A5099A92B8835F0003C774E /* Build configuration list for PBXNativeTarget "TreasureBoxTests" */ = {
			isa = XCConfigurationList;
			buildConfigurations = (
				0A5099AA2B8835F0003C774E /* Debug */,
				0A5099AB2B8835F0003C774E /* Release */,
			);
			defaultConfigurationIsVisible = 0;
			defaultConfigurationName = Release;
		};
/* End XCConfigurationList section */
	};
	rootObject = 0A5099892B8835F0003C774E /* Project object */;
}
