// !$*UTF8*$!
{
	archiveVersion = 1;
	classes = {
	};
	objectVersion = 56;
	objects = {

/* Begin PBXBuildFile section */
		0A5099B92B88363D003C774E /* AppDelegate.swift in Sources */ = {isa = PBXBuildFile; fileRef = 0A5099B82B88363D003C774E /* AppDelegate.swift */; };
		0A5099BD2B88363D003C774E /* ViewController.swift in Sources */ = {isa = PBXBuildFile; fileRef = 0A5099BC2B88363D003C774E /* ViewController.swift */; };
		0A5099C02B88363D003C774E /* Main.storyboard in Resources */ = {isa = PBXBuildFile; fileRef = 0A5099BE2B88363D003C774E /* Main.storyboard */; };
		0A5099C22B88363F003C774E /* Assets.xcassets in Resources */ = {isa = PBXBuildFile; fileRef = 0A5099C12B88363F003C774E /* Assets.xcassets */; };
		0A5099C52B88363F003C774E /* LaunchScreen.storyboard in Resources */ = {isa = PBXBuildFile; fileRef = 0A5099C32B88363F003C774E /* LaunchScreen.storyboard */; };
		0A5099D02B88363F003C774E /* TreasureBoxDemoTests.swift in Sources */ = {isa = PBXBuildFile; fileRef = 0A5099CF2B88363F003C774E /* TreasureBoxDemoTests.swift */; };
		0A5099DA2B88363F003C774E /* TreasureBoxDemoUITests.swift in Sources */ = {isa = PBXBuildFile; fileRef = 0A5099D92B88363F003C774E /* TreasureBoxDemoUITests.swift */; };
		0A5099DC2B88363F003C774E /* TreasureBoxDemoUITestsLaunchTests.swift in Sources */ = {isa = PBXBuildFile; fileRef = 0A5099DB2B88363F003C774E /* TreasureBoxDemoUITestsLaunchTests.swift */; };
		0A83842D2B9174D500C2A2D8 /* TreasureBox.framework in Frameworks */ = {isa = PBXBuildFile; fileRef = 0A83842C2B9174D500C2A2D8 /* TreasureBox.framework */; };
		0A83842E2B9174D500C2A2D8 /* TreasureBox.framework in Embed Frameworks */ = {isa = PBXBuildFile; fileRef = 0A83842C2B9174D500C2A2D8 /* TreasureBox.framework */; settings = {ATTRIBUTES = (CodeSignOnCopy, RemoveHeadersOnCopy, ); }; };
/* End PBXBuildFile section */

/* Begin PBXContainerItemProxy section */
		0A5099CC2B88363F003C774E /* PBXContainerItemProxy */ = {
			isa = PBXContainerItemProxy;
			containerPortal = 0A5099AD2B88363D003C774E /* Project object */;
			proxyType = 1;
			remoteGlobalIDString = 0A5099B42B88363D003C774E;
			remoteInfo = TreasureBoxDemo;
		};
		0A5099D62B88363F003C774E /* PBXContainerItemProxy */ = {
			isa = PBXContainerItemProxy;
			containerPortal = 0A5099AD2B88363D003C774E /* Project object */;
			proxyType = 1;
			remoteGlobalIDString = 0A5099B42B88363D003C774E;
			remoteInfo = TreasureBoxDemo;
		};
/* End PBXContainerItemProxy section */

/* Begin PBXCopyFilesBuildPhase section */
		0A83842F2B9174D500C2A2D8 /* Embed Frameworks */ = {
			isa = PBXCopyFilesBuildPhase;
			buildActionMask = 2147483647;
			dstPath = "";
			dstSubfolderSpec = 10;
			files = (
				0A83842E2B9174D500C2A2D8 /* TreasureBox.framework in Embed Frameworks */,
			);
			name = "Embed Frameworks";
			runOnlyForDeploymentPostprocessing = 0;
		};
/* End PBXCopyFilesBuildPhase section */

/* Begin PBXFileReference section */
		0A5099B52B88363D003C774E /* TreasureBoxDemo.app */ = {isa = PBXFileReference; explicitFileType = wrapper.application; includeInIndex = 0; path = TreasureBoxDemo.app; sourceTree = BUILT_PRODUCTS_DIR; };
		0A5099B82B88363D003C774E /* AppDelegate.swift */ = {isa = PBXFileReference; lastKnownFileType = sourcecode.swift; path = AppDelegate.swift; sourceTree = "<group>"; };
		0A5099BC2B88363D003C774E /* ViewController.swift */ = {isa = PBXFileReference; lastKnownFileType = sourcecode.swift; path = ViewController.swift; sourceTree = "<group>"; };
		0A5099BF2B88363D003C774E /* Base */ = {isa = PBXFileReference; lastKnownFileType = file.storyboard; name = Base; path = Base.lproj/Main.storyboard; sourceTree = "<group>"; };
		0A5099C12B88363F003C774E /* Assets.xcassets */ = {isa = PBXFileReference; lastKnownFileType = folder.assetcatalog; path = Assets.xcassets; sourceTree = "<group>"; };
		0A5099C42B88363F003C774E /* Base */ = {isa = PBXFileReference; lastKnownFileType = file.storyboard; name = Base; path = Base.lproj/LaunchScreen.storyboard; sourceTree = "<group>"; };
		0A5099C62B88363F003C774E /* Info.plist */ = {isa = PBXFileReference; lastKnownFileType = text.plist.xml; path = Info.plist; sourceTree = "<group>"; };
		0A5099CB2B88363F003C774E /* TreasureBoxDemoTests.xctest */ = {isa = PBXFileReference; explicitFileType = wrapper.cfbundle; includeInIndex = 0; path = TreasureBoxDemoTests.xctest; sourceTree = BUILT_PRODUCTS_DIR; };
		0A5099CF2B88363F003C774E /* TreasureBoxDemoTests.swift */ = {isa = PBXFileReference; lastKnownFileType = sourcecode.swift; path = TreasureBoxDemoTests.swift; sourceTree = "<group>"; };
		0A5099D52B88363F003C774E /* TreasureBoxDemoUITests.xctest */ = {isa = PBXFileReference; explicitFileType = wrapper.cfbundle; includeInIndex = 0; path = TreasureBoxDemoUITests.xctest; sourceTree = BUILT_PRODUCTS_DIR; };
		0A5099D92B88363F003C774E /* TreasureBoxDemoUITests.swift */ = {isa = PBXFileReference; lastKnownFileType = sourcecode.swift; path = TreasureBoxDemoUITests.swift; sourceTree = "<group>"; };
		0A5099DB2B88363F003C774E /* TreasureBoxDemoUITestsLaunchTests.swift */ = {isa = PBXFileReference; lastKnownFileType = sourcecode.swift; path = TreasureBoxDemoUITestsLaunchTests.swift; sourceTree = "<group>"; };
		0A83842C2B9174D500C2A2D8 /* TreasureBox.framework */ = {isa = PBXFileReference; explicitFileType = wrapper.framework; path = TreasureBox.framework; sourceTree = BUILT_PRODUCTS_DIR; };
/* End PBXFileReference section */

/* Begin PBXFrameworksBuildPhase section */
		0A5099B22B88363D003C774E /* Frameworks */ = {
			isa = PBXFrameworksBuildPhase;
			buildActionMask = 2147483647;
			files = (
				0A83842D2B9174D500C2A2D8 /* TreasureBox.framework in Frameworks */,
			);
			runOnlyForDeploymentPostprocessing = 0;
		};
		0A5099C82B88363F003C774E /* Frameworks */ = {
			isa = PBXFrameworksBuildPhase;
			buildActionMask = 2147483647;
			files = (
			);
			runOnlyForDeploymentPostprocessing = 0;
		};
		0A5099D22B88363F003C774E /* Frameworks */ = {
			isa = PBXFrameworksBuildPhase;
			buildActionMask = 2147483647;
			files = (
			);
			runOnlyForDeploymentPostprocessing = 0;
		};
/* End PBXFrameworksBuildPhase section */

/* Begin PBXGroup section */
		0A5099AC2B88363D003C774E = {
			isa = PBXGroup;
			children = (
				0A5099B72B88363D003C774E /* TreasureBoxDemo */,
				0A5099CE2B88363F003C774E /* TreasureBoxDemoTests */,
				0A5099D82B88363F003C774E /* TreasureBoxDemoUITests */,
				0A5099B62B88363D003C774E /* Products */,
				0A83842B2B9174D500C2A2D8 /* Frameworks */,
			);
			sourceTree = "<group>";
		};
		0A5099B62B88363D003C774E /* Products */ = {
			isa = PBXGroup;
			children = (
				0A5099B52B88363D003C774E /* TreasureBoxDemo.app */,
				0A5099CB2B88363F003C774E /* TreasureBoxDemoTests.xctest */,
				0A5099D52B88363F003C774E /* TreasureBoxDemoUITests.xctest */,
			);
			name = Products;
			sourceTree = "<group>";
		};
		0A5099B72B88363D003C774E /* TreasureBoxDemo */ = {
			isa = PBXGroup;
			children = (
				0A5099B82B88363D003C774E /* AppDelegate.swift */,
				0A5099BC2B88363D003C774E /* ViewController.swift */,
				0A5099BE2B88363D003C774E /* Main.storyboard */,
				0A5099C12B88363F003C774E /* Assets.xcassets */,
				0A5099C32B88363F003C774E /* LaunchScreen.storyboard */,
				0A5099C62B88363F003C774E /* Info.plist */,
			);
			path = TreasureBoxDemo;
			sourceTree = "<group>";
		};
		0A5099CE2B88363F003C774E /* TreasureBoxDemoTests */ = {
			isa = PBXGroup;
			children = (
				0A5099CF2B88363F003C774E /* TreasureBoxDemoTests.swift */,
			);
			path = TreasureBoxDemoTests;
			sourceTree = "<group>";
		};
		0A5099D82B88363F003C774E /* TreasureBoxDemoUITests */ = {
			isa = PBXGroup;
			children = (
				0A5099D92B88363F003C774E /* TreasureBoxDemoUITests.swift */,
				0A5099DB2B88363F003C774E /* TreasureBoxDemoUITestsLaunchTests.swift */,
			);
			path = TreasureBoxDemoUITests;
			sourceTree = "<group>";
		};
		0A83842B2B9174D500C2A2D8 /* Frameworks */ = {
			isa = PBXGroup;
			children = (
				0A83842C2B9174D500C2A2D8 /* TreasureBox.framework */,
			);
			name = Frameworks;
			sourceTree = "<group>";
		};
/* End PBXGroup section */

/* Begin PBXNativeTarget section */
		0A5099B42B88363D003C774E /* TreasureBoxDemo */ = {
			isa = PBXNativeTarget;
			buildConfigurationList = 0A5099DF2B88363F003C774E /* Build configuration list for PBXNativeTarget "TreasureBoxDemo" */;
			buildPhases = (
				0A5099B12B88363D003C774E /* Sources */,
				0A5099B22B88363D003C774E /* Frameworks */,
				0A5099B32B88363D003C774E /* Resources */,
				0A83842F2B9174D500C2A2D8 /* Embed Frameworks */,
			);
			buildRules = (
			);
			dependencies = (
			);
			name = TreasureBoxDemo;
			productName = TreasureBoxDemo;
			productReference = 0A5099B52B88363D003C774E /* TreasureBoxDemo.app */;
			productType = "com.apple.product-type.application";
		};
		0A5099CA2B88363F003C774E /* TreasureBoxDemoTests */ = {
			isa = PBXNativeTarget;
			buildConfigurationList = 0A5099E22B88363F003C774E /* Build configuration list for PBXNativeTarget "TreasureBoxDemoTests" */;
			buildPhases = (
				0A5099C72B88363F003C774E /* Sources */,
				0A5099C82B88363F003C774E /* Frameworks */,
				0A5099C92B88363F003C774E /* Resources */,
			);
			buildRules = (
			);
			dependencies = (
				0A5099CD2B88363F003C774E /* PBXTargetDependency */,
			);
			name = TreasureBoxDemoTests;
			productName = TreasureBoxDemoTests;
			productReference = 0A5099CB2B88363F003C774E /* TreasureBoxDemoTests.xctest */;
			productType = "com.apple.product-type.bundle.unit-test";
		};
		0A5099D42B88363F003C774E /* TreasureBoxDemoUITests */ = {
			isa = PBXNativeTarget;
			buildConfigurationList = 0A5099E52B88363F003C774E /* Build configuration list for PBXNativeTarget "TreasureBoxDemoUITests" */;
			buildPhases = (
				0A5099D12B88363F003C774E /* Sources */,
				0A5099D22B88363F003C774E /* Frameworks */,
				0A5099D32B88363F003C774E /* Resources */,
			);
			buildRules = (
			);
			dependencies = (
				0A5099D72B88363F003C774E /* PBXTargetDependency */,
			);
			name = TreasureBoxDemoUITests;
			productName = TreasureBoxDemoUITests;
			productReference = 0A5099D52B88363F003C774E /* TreasureBoxDemoUITests.xctest */;
			productType = "com.apple.product-type.bundle.ui-testing";
		};
/* End PBXNativeTarget section */

/* Begin PBXProject section */
		0A5099AD2B88363D003C774E /* Project object */ = {
			isa = PBXProject;
			attributes = {
				BuildIndependentTargetsInParallel = 1;
				LastSwiftUpdateCheck = 1510;
				LastUpgradeCheck = 1510;
				TargetAttributes = {
					0A5099B42B88363D003C774E = {
						CreatedOnToolsVersion = 15.1;
					};
					0A5099CA2B88363F003C774E = {
						CreatedOnToolsVersion = 15.1;
						TestTargetID = 0A5099B42B88363D003C774E;
					};
					0A5099D42B88363F003C774E = {
						CreatedOnToolsVersion = 15.1;
						TestTargetID = 0A5099B42B88363D003C774E;
					};
				};
			};
			buildConfigurationList = 0A5099B02B88363D003C774E /* Build configuration list for PBXProject "TreasureBoxDemo" */;
			compatibilityVersion = "Xcode 14.0";
			developmentRegion = en;
			hasScannedForEncodings = 0;
			knownRegions = (
				en,
				Base,
			);
			mainGroup = 0A5099AC2B88363D003C774E;
			productRefGroup = 0A5099B62B88363D003C774E /* Products */;
			projectDirPath = "";
			projectRoot = "";
			targets = (
				0A5099B42B88363D003C774E /* TreasureBoxDemo */,
				0A5099CA2B88363F003C774E /* TreasureBoxDemoTests */,
				0A5099D42B88363F003C774E /* TreasureBoxDemoUITests */,
			);
		};
/* End PBXProject section */

/* Begin PBXResourcesBuildPhase section */
		0A5099B32B88363D003C774E /* Resources */ = {
			isa = PBXResourcesBuildPhase;
			buildActionMask = 2147483647;
			files = (
				0A5099C52B88363F003C774E /* LaunchScreen.storyboard in Resources */,
				0A5099C22B88363F003C774E /* Assets.xcassets in Resources */,
				0A5099C02B88363D003C774E /* Main.storyboard in Resources */,
			);
			runOnlyForDeploymentPostprocessing = 0;
		};
		0A5099C92B88363F003C774E /* Resources */ = {
			isa = PBXResourcesBuildPhase;
			buildActionMask = 2147483647;
			files = (
			);
			runOnlyForDeploymentPostprocessing = 0;
		};
		0A5099D32B88363F003C774E /* Resources */ = {
			isa = PBXResourcesBuildPhase;
			buildActionMask = 2147483647;
			files = (
			);
			runOnlyForDeploymentPostprocessing = 0;
		};
/* End PBXResourcesBuildPhase section */

/* Begin PBXSourcesBuildPhase section */
		0A5099B12B88363D003C774E /* Sources */ = {
			isa = PBXSourcesBuildPhase;
			buildActionMask = 2147483647;
			files = (
				0A5099BD2B88363D003C774E /* ViewController.swift in Sources */,
				0A5099B92B88363D003C774E /* AppDelegate.swift in Sources */,
			);
			runOnlyForDeploymentPostprocessing = 0;
		};
		0A5099C72B88363F003C774E /* Sources */ = {
			isa = PBXSourcesBuildPhase;
			buildActionMask = 2147483647;
			files = (
				0A5099D02B88363F003C774E /* TreasureBoxDemoTests.swift in Sources */,
			);
			runOnlyForDeploymentPostprocessing = 0;
		};
		0A5099D12B88363F003C774E /* Sources */ = {
			isa = PBXSourcesBuildPhase;
			buildActionMask = 2147483647;
			files = (
				0A5099DC2B88363F003C774E /* TreasureBoxDemoUITestsLaunchTests.swift in Sources */,
				0A5099DA2B88363F003C774E /* TreasureBoxDemoUITests.swift in Sources */,
			);
			runOnlyForDeploymentPostprocessing = 0;
		};
/* End PBXSourcesBuildPhase section */

/* Begin PBXTargetDependency section */
		0A5099CD2B88363F003C774E /* PBXTargetDependency */ = {
			isa = PBXTargetDependency;
			target = 0A5099B42B88363D003C774E /* TreasureBoxDemo */;
			targetProxy = 0A5099CC2B88363F003C774E /* PBXContainerItemProxy */;
		};
		0A5099D72B88363F003C774E /* PBXTargetDependency */ = {
			isa = PBXTargetDependency;
			target = 0A5099B42B88363D003C774E /* TreasureBoxDemo */;
			targetProxy = 0A5099D62B88363F003C774E /* PBXContainerItemProxy */;
		};
/* End PBXTargetDependency section */

/* Begin PBXVariantGroup section */
		0A5099BE2B88363D003C774E /* Main.storyboard */ = {
			isa = PBXVariantGroup;
			children = (
				0A5099BF2B88363D003C774E /* Base */,
			);
			name = Main.storyboard;
			sourceTree = "<group>";
		};
		0A5099C32B88363F003C774E /* LaunchScreen.storyboard */ = {
			isa = PBXVariantGroup;
			children = (
				0A5099C42B88363F003C774E /* Base */,
			);
			name = LaunchScreen.storyboard;
			sourceTree = "<group>";
		};
/* End PBXVariantGroup section */

/* Begin XCBuildConfiguration section */
		0A5099DD2B88363F003C774E /* Debug */ = {
			isa = XCBuildConfiguration;
			buildSettings = {
				ALWAYS_SEARCH_USER_PATHS = NO;
				ASSETCATALOG_COMPILER_GENERATE_SWIFT_ASSET_SYMBOL_EXTENSIONS = YES;
				CLANG_ANALYZER_NONNULL = YES;
				CLANG_ANALYZER_NUMBER_OBJECT_CONVERSION = YES_AGGRESSIVE;
				CLANG_CXX_LANGUAGE_STANDARD = "gnu++20";
				CLANG_ENABLE_MODULES = YES;
				CLANG_ENABLE_OBJC_ARC = YES;
				CLANG_ENABLE_OBJC_WEAK = YES;
				CLANG_WARN_BLOCK_CAPTURE_AUTORELEASING = YES;
				CLANG_WARN_BOOL_CONVERSION = YES;
				CLANG_WARN_COMMA = YES;
				CLANG_WARN_CONSTANT_CONVERSION = YES;
				CLANG_WARN_DEPRECATED_OBJC_IMPLEMENTATIONS = YES;
				CLANG_WARN_DIRECT_OBJC_ISA_USAGE = YES_ERROR;
				CLANG_WARN_DOCUMENTATION_COMMENTS = YES;
				CLANG_WARN_EMPTY_BODY = YES;
				CLANG_WARN_ENUM_CONVERSION = YES;
				CLANG_WARN_INFINITE_RECURSION = YES;
				CLANG_WARN_INT_CONVERSION = YES;
				CLANG_WARN_NON_LITERAL_NULL_CONVERSION = YES;
				CLANG_WARN_OBJC_IMPLICIT_RETAIN_SELF = YES;
				CLANG_WARN_OBJC_LITERAL_CONVERSION = YES;
				CLANG_WARN_OBJC_ROOT_CLASS = YES_ERROR;
				CLANG_WARN_QUOTED_INCLUDE_IN_FRAMEWORK_HEADER = YES;
				CLANG_WARN_RANGE_LOOP_ANALYSIS = YES;
				CLANG_WARN_STRICT_PROTOTYPES = YES;
				CLANG_WARN_SUSPICIOUS_MOVE = YES;
				CLANG_WARN_UNGUARDED_AVAILABILITY = YES_AGGRESSIVE;
				CLANG_WARN_UNREACHABLE_CODE = YES;
				CLANG_WARN__DUPLICATE_METHOD_MATCH = YES;
				COPY_PHASE_STRIP = NO;
				DEBUG_INFORMATION_FORMAT = dwarf;
				ENABLE_STRICT_OBJC_MSGSEND = YES;
				ENABLE_TESTABILITY = YES;
				ENABLE_USER_SCRIPT_SANDBOXING = YES;
				GCC_C_LANGUAGE_STANDARD = gnu17;
				GCC_DYNAMIC_NO_PIC = NO;
				GCC_NO_COMMON_BLOCKS = YES;
				GCC_OPTIMIZATION_LEVEL = 0;
				GCC_PREPROCESSOR_DEFINITIONS = (
					"DEBUG=1",
					"$(inherited)",
				);
				GCC_WARN_64_TO_32_BIT_CONVERSION = YES;
				GCC_WARN_ABOUT_RETURN_TYPE = YES_ERROR;
				GCC_WARN_UNDECLARED_SELECTOR = YES;
				GCC_WARN_UNINITIALIZED_AUTOS = YES_AGGRESSIVE;
				GCC_WARN_UNUSED_FUNCTION = YES;
				GCC_WARN_UNUSED_VARIABLE = YES;
				IPHONEOS_DEPLOYMENT_TARGET = 12.0;
				LOCALIZATION_PREFERS_STRING_CATALOGS = YES;
				MTL_ENABLE_DEBUG_INFO = INCLUDE_SOURCE;
				MTL_FAST_MATH = YES;
				ONLY_ACTIVE_ARCH = YES;
				SDKROOT = iphoneos;
				SWIFT_ACTIVE_COMPILATION_CONDITIONS = "DEBUG $(inherited)";
				SWIFT_OPTIMIZATION_LEVEL = "-Onone";
			};
			name = Debug;
		};
		0A5099DE2B88363F003C774E /* Release */ = {
			isa = XCBuildConfiguration;
			buildSettings = {
				ALWAYS_SEARCH_USER_PATHS = NO;
				ASSETCATALOG_COMPILER_GENERATE_SWIFT_ASSET_SYMBOL_EXTENSIONS = YES;
				CLANG_ANALYZER_NONNULL = YES;
				CLANG_ANALYZER_NUMBER_OBJECT_CONVERSION = YES_AGGRESSIVE;
				CLANG_CXX_LANGUAGE_STANDARD = "gnu++20";
				CLANG_ENABLE_MODULES = YES;
				CLANG_ENABLE_OBJC_ARC = YES;
				CLANG_ENABLE_OBJC_WEAK = YES;
				CLANG_WARN_BLOCK_CAPTURE_AUTORELEASING = YES;
				CLANG_WARN_BOOL_CONVERSION = YES;
				CLANG_WARN_COMMA = YES;
				CLANG_WARN_CONSTANT_CONVERSION = YES;
				CLANG_WARN_DEPRECATED_OBJC_IMPLEMENTATIONS = YES;
				CLANG_WARN_DIRECT_OBJC_ISA_USAGE = YES_ERROR;
				CLANG_WARN_DOCUMENTATION_COMMENTS = YES;
				CLANG_WARN_EMPTY_BODY = YES;
				CLANG_WARN_ENUM_CONVERSION = YES;
				CLANG_WARN_INFINITE_RECURSION = YES;
				CLANG_WARN_INT_CONVERSION = YES;
				CLANG_WARN_NON_LITERAL_NULL_CONVERSION = YES;
				CLANG_WARN_OBJC_IMPLICIT_RETAIN_SELF = YES;
				CLANG_WARN_OBJC_LITERAL_CONVERSION = YES;
				CLANG_WARN_OBJC_ROOT_CLASS = YES_ERROR;
				CLANG_WARN_QUOTED_INCLUDE_IN_FRAMEWORK_HEADER = YES;
				CLANG_WARN_RANGE_LOOP_ANALYSIS = YES;
				CLANG_WARN_STRICT_PROTOTYPES = YES;
				CLANG_WARN_SUSPICIOUS_MOVE = YES;
				CLANG_WARN_UNGUARDED_AVAILABILITY = YES_AGGRESSIVE;
				CLANG_WARN_UNREACHABLE_CODE = YES;
				CLANG_WARN__DUPLICATE_METHOD_MATCH = YES;
				COPY_PHASE_STRIP = NO;
				DEBUG_INFORMATION_FORMAT = "dwarf-with-dsym";
				ENABLE_NS_ASSERTIONS = NO;
				ENABLE_STRICT_OBJC_MSGSEND = YES;
				ENABLE_USER_SCRIPT_SANDBOXING = YES;
				GCC_C_LANGUAGE_STANDARD = gnu17;
				GCC_NO_COMMON_BLOCKS = YES;
				GCC_WARN_64_TO_32_BIT_CONVERSION = YES;
				GCC_WARN_ABOUT_RETURN_TYPE = YES_ERROR;
				GCC_WARN_UNDECLARED_SELECTOR = YES;
				GCC_WARN_UNINITIALIZED_AUTOS = YES_AGGRESSIVE;
				GCC_WARN_UNUSED_FUNCTION = YES;
				GCC_WARN_UNUSED_VARIABLE = YES;
				IPHONEOS_DEPLOYMENT_TARGET = 12.0;
				LOCALIZATION_PREFERS_STRING_CATALOGS = YES;
				MTL_ENABLE_DEBUG_INFO = NO;
				MTL_FAST_MATH = YES;
				SDKROOT = iphoneos;
				SWIFT_COMPILATION_MODE = wholemodule;
				VALIDATE_PRODUCT = YES;
			};
			name = Release;
		};
		0A5099E02B88363F003C774E /* Debug */ = {
			isa = XCBuildConfiguration;
			buildSettings = {
				ASSETCATALOG_COMPILER_APPICON_NAME = AppIcon;
				ASSETCATALOG_COMPILER_GLOBAL_ACCENT_COLOR_NAME = AccentColor;
				CODE_SIGN_STYLE = Automatic;
				CURRENT_PROJECT_VERSION = 1;
				DEVELOPMENT_TEAM = DVCY355DY9;
				GENERATE_INFOPLIST_FILE = YES;
				INFOPLIST_FILE = TreasureBoxDemo/Info.plist;
				INFOPLIST_KEY_UIApplicationSupportsIndirectInputEvents = YES;
				INFOPLIST_KEY_UILaunchStoryboardName = LaunchScreen;
				INFOPLIST_KEY_UIMainStoryboardFile = Main;
				INFOPLIST_KEY_UISupportedInterfaceOrientations_iPad = "UIInterfaceOrientationPortrait UIInterfaceOrientationPortraitUpsideDown UIInterfaceOrientationLandscapeLeft UIInterfaceOrientationLandscapeRight";
				INFOPLIST_KEY_UISupportedInterfaceOrientations_iPhone = "UIInterfaceOrientationPortrait UIInterfaceOrientationLandscapeLeft UIInterfaceOrientationLandscapeRight";
				IPHONEOS_DEPLOYMENT_TARGET = 12.0;
				LD_RUNPATH_SEARCH_PATHS = (
					"$(inherited)",
					"@executable_path/Frameworks",
				);
				MARKETING_VERSION = 1.0;
				PRODUCT_BUNDLE_IDENTIFIER = com.dancebaby.lanwuzhe.TreasureBoxDemo;
				PRODUCT_NAME = "$(TARGET_NAME)";
				SUPPORTED_PLATFORMS = "iphoneos iphonesimulator";
				SUPPORTS_MACCATALYST = NO;
				SUPPORTS_MAC_DESIGNED_FOR_IPHONE_IPAD = NO;
				SWIFT_EMIT_LOC_STRINGS = YES;
				SWIFT_VERSION = 5.0;
				TARGETED_DEVICE_FAMILY = 1;
			};
			name = Debug;
		};
		0A5099E12B88363F003C774E /* Release */ = {
			isa = XCBuildConfiguration;
			buildSettings = {
				ASSETCATALOG_COMPILER_APPICON_NAME = AppIcon;
				ASSETCATALOG_COMPILER_GLOBAL_ACCENT_COLOR_NAME = AccentColor;
				CODE_SIGN_STYLE = Automatic;
				CURRENT_PROJECT_VERSION = 1;
				DEVELOPMENT_TEAM = DVCY355DY9;
				GENERATE_INFOPLIST_FILE = YES;
				INFOPLIST_FILE = TreasureBoxDemo/Info.plist;
				INFOPLIST_KEY_UIApplicationSupportsIndirectInputEvents = YES;
				INFOPLIST_KEY_UILaunchStoryboardName = LaunchScreen;
				INFOPLIST_KEY_UIMainStoryboardFile = Main;
				INFOPLIST_KEY_UISupportedInterfaceOrientations_iPad = "UIInterfaceOrientationPortrait UIInterfaceOrientationPortraitUpsideDown UIInterfaceOrientationLandscapeLeft UIInterfaceOrientationLandscapeRight";
				INFOPLIST_KEY_UISupportedInterfaceOrientations_iPhone = "UIInterfaceOrientationPortrait UIInterfaceOrientationLandscapeLeft UIInterfaceOrientationLandscapeRight";
				IPHONEOS_DEPLOYMENT_TARGET = 12.0;
				LD_RUNPATH_SEARCH_PATHS = (
					"$(inherited)",
					"@executable_path/Frameworks",
				);
				MARKETING_VERSION = 1.0;
				PRODUCT_BUNDLE_IDENTIFIER = com.dancebaby.lanwuzhe.TreasureBoxDemo;
				PRODUCT_NAME = "$(TARGET_NAME)";
				SUPPORTED_PLATFORMS = "iphoneos iphonesimulator";
				SUPPORTS_MACCATALYST = NO;
				SUPPORTS_MAC_DESIGNED_FOR_IPHONE_IPAD = NO;
				SWIFT_EMIT_LOC_STRINGS = YES;
				SWIFT_VERSION = 5.0;
				TARGETED_DEVICE_FAMILY = 1;
			};
			name = Release;
		};
		0A5099E32B88363F003C774E /* Debug */ = {
			isa = XCBuildConfiguration;
			buildSettings = {
				ALWAYS_EMBED_SWIFT_STANDARD_LIBRARIES = YES;
				BUNDLE_LOADER = "$(TEST_HOST)";
				CODE_SIGN_STYLE = Automatic;
				CURRENT_PROJECT_VERSION = 1;
				DEVELOPMENT_TEAM = DVCY355DY9;
				GENERATE_INFOPLIST_FILE = YES;
				IPHONEOS_DEPLOYMENT_TARGET = 12.0;
				MARKETING_VERSION = 1.0;
				PRODUCT_BUNDLE_IDENTIFIER = com.dancebaby.lanwuzhe.TreasureBoxDemoTests;
				PRODUCT_NAME = "$(TARGET_NAME)";
				SUPPORTED_PLATFORMS = "iphoneos iphonesimulator";
				SUPPORTS_MACCATALYST = NO;
				SUPPORTS_MAC_DESIGNED_FOR_IPHONE_IPAD = NO;
				SWIFT_EMIT_LOC_STRINGS = NO;
				SWIFT_VERSION = 5.0;
				TARGETED_DEVICE_FAMILY = 1;
				TEST_HOST = "$(BUILT_PRODUCTS_DIR)/TreasureBoxDemo.app/$(BUNDLE_EXECUTABLE_FOLDER_PATH)/TreasureBoxDemo";
			};
			name = Debug;
		};
		0A5099E42B88363F003C774E /* Release */ = {
			isa = XCBuildConfiguration;
			buildSettings = {
				ALWAYS_EMBED_SWIFT_STANDARD_LIBRARIES = YES;
				BUNDLE_LOADER = "$(TEST_HOST)";
				CODE_SIGN_STYLE = Automatic;
				CURRENT_PROJECT_VERSION = 1;
				DEVELOPMENT_TEAM = DVCY355DY9;
				GENERATE_INFOPLIST_FILE = YES;
				IPHONEOS_DEPLOYMENT_TARGET = 12.0;
				MARKETING_VERSION = 1.0;
				PRODUCT_BUNDLE_IDENTIFIER = com.dancebaby.lanwuzhe.TreasureBoxDemoTests;
				PRODUCT_NAME = "$(TARGET_NAME)";
				SUPPORTED_PLATFORMS = "iphoneos iphonesimulator";
				SUPPORTS_MACCATALYST = NO;
				SUPPORTS_MAC_DESIGNED_FOR_IPHONE_IPAD = NO;
				SWIFT_EMIT_LOC_STRINGS = NO;
				SWIFT_VERSION = 5.0;
				TARGETED_DEVICE_FAMILY = 1;
				TEST_HOST = "$(BUILT_PRODUCTS_DIR)/TreasureBoxDemo.app/$(BUNDLE_EXECUTABLE_FOLDER_PATH)/TreasureBoxDemo";
			};
			name = Release;
		};
		0A5099E62B88363F003C774E /* Debug */ = {
			isa = XCBuildConfiguration;
			buildSettings = {
				ALWAYS_EMBED_SWIFT_STANDARD_LIBRARIES = YES;
				CODE_SIGN_STYLE = Automatic;
				CURRENT_PROJECT_VERSION = 1;
				DEVELOPMENT_TEAM = DVCY355DY9;
				GENERATE_INFOPLIST_FILE = YES;
				IPHONEOS_DEPLOYMENT_TARGET = 12.0;
				MARKETING_VERSION = 1.0;
				PRODUCT_BUNDLE_IDENTIFIER = com.dancebaby.lanwuzhe.TreasureBoxDemoUITests;
				PRODUCT_NAME = "$(TARGET_NAME)";
				SUPPORTED_PLATFORMS = "iphoneos iphonesimulator";
				SUPPORTS_MACCATALYST = NO;
				SUPPORTS_MAC_DESIGNED_FOR_IPHONE_IPAD = NO;
				SWIFT_EMIT_LOC_STRINGS = NO;
				SWIFT_VERSION = 5.0;
				TARGETED_DEVICE_FAMILY = 1;
				TEST_TARGET_NAME = TreasureBoxDemo;
			};
			name = Debug;
		};
		0A5099E72B88363F003C774E /* Release */ = {
			isa = XCBuildConfiguration;
			buildSettings = {
				ALWAYS_EMBED_SWIFT_STANDARD_LIBRARIES = YES;
				CODE_SIGN_STYLE = Automatic;
				CURRENT_PROJECT_VERSION = 1;
				DEVELOPMENT_TEAM = DVCY355DY9;
				GENERATE_INFOPLIST_FILE = YES;
				IPHONEOS_DEPLOYMENT_TARGET = 12.0;
				MARKETING_VERSION = 1.0;
				PRODUCT_BUNDLE_IDENTIFIER = com.dancebaby.lanwuzhe.TreasureBoxDemoUITests;
				PRODUCT_NAME = "$(TARGET_NAME)";
				SUPPORTED_PLATFORMS = "iphoneos iphonesimulator";
				SUPPORTS_MACCATALYST = NO;
				SUPPORTS_MAC_DESIGNED_FOR_IPHONE_IPAD = NO;
				SWIFT_EMIT_LOC_STRINGS = NO;
				SWIFT_VERSION = 5.0;
				TARGETED_DEVICE_FAMILY = 1;
				TEST_TARGET_NAME = TreasureBoxDemo;
			};
			name = Release;
		};
/* End XCBuildConfiguration section */

/* Begin XCConfigurationList section */
		0A5099B02B88363D003C774E /* Build configuration list for PBXProject "TreasureBoxDemo" */ = {
			isa = XCConfigurationList;
			buildConfigurations = (
				0A5099DD2B88363F003C774E /* Debug */,
				0A5099DE2B88363F003C774E /* Release */,
			);
			defaultConfigurationIsVisible = 0;
			defaultConfigurationName = Release;
		};
		0A5099DF2B88363F003C774E /* Build configuration list for PBXNativeTarget "TreasureBoxDemo" */ = {
			isa = XCConfigurationList;
			buildConfigurations = (
				0A5099E02B88363F003C774E /* Debug */,
				0A5099E12B88363F003C774E /* Release */,
			);
			defaultConfigurationIsVisible = 0;
			defaultConfigurationName = Release;
		};
		0A5099E22B88363F003C774E /* Build configuration list for PBXNativeTarget "TreasureBoxDemoTests" */ = {
			isa = XCConfigurationList;
			buildConfigurations = (
				0A5099E32B88363F003C774E /* Debug */,
				0A5099E42B88363F003C774E /* Release */,
			);
			defaultConfigurationIsVisible = 0;
			defaultConfigurationName = Release;
		};
		0A5099E52B88363F003C774E /* Build configuration list for PBXNativeTarget "TreasureBoxDemoUITests" */ = {
			isa = XCConfigurationList;
			buildConfigurations = (
				0A5099E62B88363F003C774E /* Debug */,
				0A5099E72B88363F003C774E /* Release */,
			);
			defaultConfigurationIsVisible = 0;
			defaultConfigurationName = Release;
		};
/* End XCConfigurationList section */
	};
	rootObject = 0A5099AD2B88363D003C774E /* Project object */;
}
